// !$*UTF8*$!
{
	archiveVersion = 1;
	classes = {
	};
	objectVersion = 55;
	objects = {

/* Begin PBXBuildFile section */
		523D774F2F4796FC3694904D /* Pods_iOS_Test_iOS_TestUITests.framework in Frameworks */ = {isa = PBXBuildFile; fileRef = 826470BC95C494E49B7A8501 /* Pods_iOS_Test_iOS_TestUITests.framework */; };
		B5CB46EF2840285D0082926D /* DeleteButtonView.swift in Sources */ = {isa = PBXBuildFile; fileRef = B5CB46EE2840285D0082926D /* DeleteButtonView.swift */; };
		B5CB46F1284089D80082926D /* StarView.swift in Sources */ = {isa = PBXBuildFile; fileRef = B5CB46F0284089D80082926D /* StarView.swift */; };
		B5D15FCF28411F9000A81432 /* Refreshable in Frameworks */ = {isa = PBXBuildFile; productRef = B5D15FCE28411F9000A81432 /* Refreshable */; };
		B5F81090283691A700CA5FB4 /* iOS_TestApp.swift in Sources */ = {isa = PBXBuildFile; fileRef = B5F8108F283691A700CA5FB4 /* iOS_TestApp.swift */; };
		B5F81094283691AB00CA5FB4 /* Assets.xcassets in Resources */ = {isa = PBXBuildFile; fileRef = B5F81093283691AB00CA5FB4 /* Assets.xcassets */; };
		B5F81097283691AB00CA5FB4 /* Preview Assets.xcassets in Resources */ = {isa = PBXBuildFile; fileRef = B5F81096283691AB00CA5FB4 /* Preview Assets.xcassets */; };
		B5F810A1283691AC00CA5FB4 /* iOS_TestTests.swift in Sources */ = {isa = PBXBuildFile; fileRef = B5F810A0283691AC00CA5FB4 /* iOS_TestTests.swift */; };
		B5F810AB283691AC00CA5FB4 /* iOS_TestUITests.swift in Sources */ = {isa = PBXBuildFile; fileRef = B5F810AA283691AC00CA5FB4 /* iOS_TestUITests.swift */; };
		B5F810AD283691AC00CA5FB4 /* iOS_TestUITestsLaunchTests.swift in Sources */ = {isa = PBXBuildFile; fileRef = B5F810AC283691AC00CA5FB4 /* iOS_TestUITestsLaunchTests.swift */; };
		B5F810BA2836920300CA5FB4 /* PlaceholderWebService.swift in Sources */ = {isa = PBXBuildFile; fileRef = B5F810B92836920300CA5FB4 /* PlaceholderWebService.swift */; };
		B5F810BF2836939700CA5FB4 /* User.swift in Sources */ = {isa = PBXBuildFile; fileRef = B5F810BE2836939700CA5FB4 /* User.swift */; };
		B5F810C1283695A300CA5FB4 /* Post.swift in Sources */ = {isa = PBXBuildFile; fileRef = B5F810C0283695A300CA5FB4 /* Post.swift */; };
		B5F810C52836A18400CA5FB4 /* PostService.swift in Sources */ = {isa = PBXBuildFile; fileRef = B5F810C42836A18400CA5FB4 /* PostService.swift */; };
		B5F810C72836ADB400CA5FB4 /* Comment.swift in Sources */ = {isa = PBXBuildFile; fileRef = B5F810C62836ADB400CA5FB4 /* Comment.swift */; };
		B5F810C92836AE4200CA5FB4 /* PostRowView.swift in Sources */ = {isa = PBXBuildFile; fileRef = B5F810C82836AE4200CA5FB4 /* PostRowView.swift */; };
		B5F810CC2836B09C00CA5FB4 /* PostListView.swift in Sources */ = {isa = PBXBuildFile; fileRef = B5F810CB2836B09C00CA5FB4 /* PostListView.swift */; };
		B5F810D02836B27800CA5FB4 /* PostDetailView.swift in Sources */ = {isa = PBXBuildFile; fileRef = B5F810CF2836B27800CA5FB4 /* PostDetailView.swift */; };
		B5F810D22836B45C00CA5FB4 /* UserTextView.swift in Sources */ = {isa = PBXBuildFile; fileRef = B5F810D12836B45C00CA5FB4 /* UserTextView.swift */; };
		B5F810D62836B83A00CA5FB4 /* CommentListView.swift in Sources */ = {isa = PBXBuildFile; fileRef = B5F810D52836B83A00CA5FB4 /* CommentListView.swift */; };
		B5F810D82836BA7500CA5FB4 /* UserInfoView.swift in Sources */ = {isa = PBXBuildFile; fileRef = B5F810D72836BA7500CA5FB4 /* UserInfoView.swift */; };
		B5F810DA2836C3EA00CA5FB4 /* PostDescriptionView.swift in Sources */ = {isa = PBXBuildFile; fileRef = B5F810D92836C3EA00CA5FB4 /* PostDescriptionView.swift */; };
		B5F810DD2836CCFB00CA5FB4 /* NavBarAppearanceModifier.swift in Sources */ = {isa = PBXBuildFile; fileRef = B5F810DC2836CCFB00CA5FB4 /* NavBarAppearanceModifier.swift */; };
		B5F810DF2836CF8000CA5FB4 /* UserService.swift in Sources */ = {isa = PBXBuildFile; fileRef = B5F810DE2836CF8000CA5FB4 /* UserService.swift */; };
		B5F810E12836D4EA00CA5FB4 /* CommentService.swift in Sources */ = {isa = PBXBuildFile; fileRef = B5F810E02836D4EA00CA5FB4 /* CommentService.swift */; };
		B5F810E42836DAD000CA5FB4 /* PostViewModel.swift in Sources */ = {isa = PBXBuildFile; fileRef = B5F810E32836DAD000CA5FB4 /* PostViewModel.swift */; };
		B5F810E62837556800CA5FB4 /* UserViewModel.swift in Sources */ = {isa = PBXBuildFile; fileRef = B5F810E52837556800CA5FB4 /* UserViewModel.swift */; };
		B5F810E82837561D00CA5FB4 /* CommentViewModel.swift in Sources */ = {isa = PBXBuildFile; fileRef = B5F810E72837561D00CA5FB4 /* CommentViewModel.swift */; };
		CC3647E7256A9B680942F4A2 /* Pods_iOS_Test.framework in Frameworks */ = {isa = PBXBuildFile; fileRef = 900A38CE23B39781209EC313 /* Pods_iOS_Test.framework */; };
		CE117E3E61EF02F90DFE5FB0 /* Pods_iOS_TestTests.framework in Frameworks */ = {isa = PBXBuildFile; fileRef = 12B511D92A6FB49F427C84C2 /* Pods_iOS_TestTests.framework */; };
/* End PBXBuildFile section */

/* Begin PBXContainerItemProxy section */
		B5F8109D283691AC00CA5FB4 /* PBXContainerItemProxy */ = {
			isa = PBXContainerItemProxy;
			containerPortal = B5F81084283691A600CA5FB4 /* Project object */;
			proxyType = 1;
			remoteGlobalIDString = B5F8108B283691A700CA5FB4;
			remoteInfo = "iOS-Test";
		};
		B5F810A7283691AC00CA5FB4 /* PBXContainerItemProxy */ = {
			isa = PBXContainerItemProxy;
			containerPortal = B5F81084283691A600CA5FB4 /* Project object */;
			proxyType = 1;
			remoteGlobalIDString = B5F8108B283691A700CA5FB4;
			remoteInfo = "iOS-Test";
		};
/* End PBXContainerItemProxy section */

/* Begin PBXFileReference section */
		03EB43BAE82EBD7E226EB04F /* Pods-iOS-Test-iOS-TestUITests.release.xcconfig */ = {isa = PBXFileReference; includeInIndex = 1; lastKnownFileType = text.xcconfig; name = "Pods-iOS-Test-iOS-TestUITests.release.xcconfig"; path = "Target Support Files/Pods-iOS-Test-iOS-TestUITests/Pods-iOS-Test-iOS-TestUITests.release.xcconfig"; sourceTree = "<group>"; };
		12B511D92A6FB49F427C84C2 /* Pods_iOS_TestTests.framework */ = {isa = PBXFileReference; explicitFileType = wrapper.framework; includeInIndex = 0; path = Pods_iOS_TestTests.framework; sourceTree = BUILT_PRODUCTS_DIR; };
		75C60A3DCCEA1A12698BA89E /* Pods-iOS-Test.debug.xcconfig */ = {isa = PBXFileReference; includeInIndex = 1; lastKnownFileType = text.xcconfig; name = "Pods-iOS-Test.debug.xcconfig"; path = "Target Support Files/Pods-iOS-Test/Pods-iOS-Test.debug.xcconfig"; sourceTree = "<group>"; };
		826470BC95C494E49B7A8501 /* Pods_iOS_Test_iOS_TestUITests.framework */ = {isa = PBXFileReference; explicitFileType = wrapper.framework; includeInIndex = 0; path = Pods_iOS_Test_iOS_TestUITests.framework; sourceTree = BUILT_PRODUCTS_DIR; };
		900A38CE23B39781209EC313 /* Pods_iOS_Test.framework */ = {isa = PBXFileReference; explicitFileType = wrapper.framework; includeInIndex = 0; path = Pods_iOS_Test.framework; sourceTree = BUILT_PRODUCTS_DIR; };
		A4940E95D456F939B6C13546 /* Pods-iOS-Test-iOS-TestUITests.debug.xcconfig */ = {isa = PBXFileReference; includeInIndex = 1; lastKnownFileType = text.xcconfig; name = "Pods-iOS-Test-iOS-TestUITests.debug.xcconfig"; path = "Target Support Files/Pods-iOS-Test-iOS-TestUITests/Pods-iOS-Test-iOS-TestUITests.debug.xcconfig"; sourceTree = "<group>"; };
		B5CB46EE2840285D0082926D /* DeleteButtonView.swift */ = {isa = PBXFileReference; lastKnownFileType = sourcecode.swift; path = DeleteButtonView.swift; sourceTree = "<group>"; };
		B5CB46F0284089D80082926D /* StarView.swift */ = {isa = PBXFileReference; lastKnownFileType = sourcecode.swift; path = StarView.swift; sourceTree = "<group>"; };
		B5F8108C283691A700CA5FB4 /* iOS-Test.app */ = {isa = PBXFileReference; explicitFileType = wrapper.application; includeInIndex = 0; path = "iOS-Test.app"; sourceTree = BUILT_PRODUCTS_DIR; };
		B5F8108F283691A700CA5FB4 /* iOS_TestApp.swift */ = {isa = PBXFileReference; lastKnownFileType = sourcecode.swift; path = iOS_TestApp.swift; sourceTree = "<group>"; };
		B5F81093283691AB00CA5FB4 /* Assets.xcassets */ = {isa = PBXFileReference; lastKnownFileType = folder.assetcatalog; path = Assets.xcassets; sourceTree = "<group>"; };
		B5F81096283691AB00CA5FB4 /* Preview Assets.xcassets */ = {isa = PBXFileReference; lastKnownFileType = folder.assetcatalog; path = "Preview Assets.xcassets"; sourceTree = "<group>"; };
		B5F8109C283691AC00CA5FB4 /* iOS-TestTests.xctest */ = {isa = PBXFileReference; explicitFileType = wrapper.cfbundle; includeInIndex = 0; path = "iOS-TestTests.xctest"; sourceTree = BUILT_PRODUCTS_DIR; };
		B5F810A0283691AC00CA5FB4 /* iOS_TestTests.swift */ = {isa = PBXFileReference; lastKnownFileType = sourcecode.swift; path = iOS_TestTests.swift; sourceTree = "<group>"; };
		B5F810A6283691AC00CA5FB4 /* iOS-TestUITests.xctest */ = {isa = PBXFileReference; explicitFileType = wrapper.cfbundle; includeInIndex = 0; path = "iOS-TestUITests.xctest"; sourceTree = BUILT_PRODUCTS_DIR; };
		B5F810AA283691AC00CA5FB4 /* iOS_TestUITests.swift */ = {isa = PBXFileReference; lastKnownFileType = sourcecode.swift; path = iOS_TestUITests.swift; sourceTree = "<group>"; };
		B5F810AC283691AC00CA5FB4 /* iOS_TestUITestsLaunchTests.swift */ = {isa = PBXFileReference; lastKnownFileType = sourcecode.swift; path = iOS_TestUITestsLaunchTests.swift; sourceTree = "<group>"; };
		B5F810B92836920300CA5FB4 /* PlaceholderWebService.swift */ = {isa = PBXFileReference; lastKnownFileType = sourcecode.swift; path = PlaceholderWebService.swift; sourceTree = "<group>"; };
		B5F810BE2836939700CA5FB4 /* User.swift */ = {isa = PBXFileReference; lastKnownFileType = sourcecode.swift; path = User.swift; sourceTree = "<group>"; };
		B5F810C0283695A300CA5FB4 /* Post.swift */ = {isa = PBXFileReference; lastKnownFileType = sourcecode.swift; path = Post.swift; sourceTree = "<group>"; };
		B5F810C42836A18400CA5FB4 /* PostService.swift */ = {isa = PBXFileReference; lastKnownFileType = sourcecode.swift; path = PostService.swift; sourceTree = "<group>"; };
		B5F810C62836ADB400CA5FB4 /* Comment.swift */ = {isa = PBXFileReference; lastKnownFileType = sourcecode.swift; path = Comment.swift; sourceTree = "<group>"; };
		B5F810C82836AE4200CA5FB4 /* PostRowView.swift */ = {isa = PBXFileReference; lastKnownFileType = sourcecode.swift; path = PostRowView.swift; sourceTree = "<group>"; };
		B5F810CB2836B09C00CA5FB4 /* PostListView.swift */ = {isa = PBXFileReference; lastKnownFileType = sourcecode.swift; path = PostListView.swift; sourceTree = "<group>"; };
		B5F810CF2836B27800CA5FB4 /* PostDetailView.swift */ = {isa = PBXFileReference; lastKnownFileType = sourcecode.swift; path = PostDetailView.swift; sourceTree = "<group>"; };
		B5F810D12836B45C00CA5FB4 /* UserTextView.swift */ = {isa = PBXFileReference; lastKnownFileType = sourcecode.swift; path = UserTextView.swift; sourceTree = "<group>"; };
		B5F810D52836B83A00CA5FB4 /* CommentListView.swift */ = {isa = PBXFileReference; lastKnownFileType = sourcecode.swift; path = CommentListView.swift; sourceTree = "<group>"; };
		B5F810D72836BA7500CA5FB4 /* UserInfoView.swift */ = {isa = PBXFileReference; lastKnownFileType = sourcecode.swift; path = UserInfoView.swift; sourceTree = "<group>"; };
		B5F810D92836C3EA00CA5FB4 /* PostDescriptionView.swift */ = {isa = PBXFileReference; lastKnownFileType = sourcecode.swift; path = PostDescriptionView.swift; sourceTree = "<group>"; };
		B5F810DC2836CCFB00CA5FB4 /* NavBarAppearanceModifier.swift */ = {isa = PBXFileReference; lastKnownFileType = sourcecode.swift; path = NavBarAppearanceModifier.swift; sourceTree = "<group>"; };
		B5F810DE2836CF8000CA5FB4 /* UserService.swift */ = {isa = PBXFileReference; lastKnownFileType = sourcecode.swift; path = UserService.swift; sourceTree = "<group>"; };
		B5F810E02836D4EA00CA5FB4 /* CommentService.swift */ = {isa = PBXFileReference; lastKnownFileType = sourcecode.swift; path = CommentService.swift; sourceTree = "<group>"; };
		B5F810E32836DAD000CA5FB4 /* PostViewModel.swift */ = {isa = PBXFileReference; lastKnownFileType = sourcecode.swift; path = PostViewModel.swift; sourceTree = "<group>"; };
		B5F810E52837556800CA5FB4 /* UserViewModel.swift */ = {isa = PBXFileReference; lastKnownFileType = sourcecode.swift; path = UserViewModel.swift; sourceTree = "<group>"; };
		B5F810E72837561D00CA5FB4 /* CommentViewModel.swift */ = {isa = PBXFileReference; lastKnownFileType = sourcecode.swift; path = CommentViewModel.swift; sourceTree = "<group>"; };
		F5829EFA7D702B698820BEDB /* Pods-iOS-Test.release.xcconfig */ = {isa = PBXFileReference; includeInIndex = 1; lastKnownFileType = text.xcconfig; name = "Pods-iOS-Test.release.xcconfig"; path = "Target Support Files/Pods-iOS-Test/Pods-iOS-Test.release.xcconfig"; sourceTree = "<group>"; };
		F74CE1ABE00E97CF02F9CEBB /* Pods-iOS-TestTests.release.xcconfig */ = {isa = PBXFileReference; includeInIndex = 1; lastKnownFileType = text.xcconfig; name = "Pods-iOS-TestTests.release.xcconfig"; path = "Target Support Files/Pods-iOS-TestTests/Pods-iOS-TestTests.release.xcconfig"; sourceTree = "<group>"; };
		FF17954BDE5E4F3B8BF9974B /* Pods-iOS-TestTests.debug.xcconfig */ = {isa = PBXFileReference; includeInIndex = 1; lastKnownFileType = text.xcconfig; name = "Pods-iOS-TestTests.debug.xcconfig"; path = "Target Support Files/Pods-iOS-TestTests/Pods-iOS-TestTests.debug.xcconfig"; sourceTree = "<group>"; };
/* End PBXFileReference section */

/* Begin PBXFrameworksBuildPhase section */
		B5F81089283691A700CA5FB4 /* Frameworks */ = {
			isa = PBXFrameworksBuildPhase;
			buildActionMask = 2147483647;
			files = (
				B5D15FCF28411F9000A81432 /* Refreshable in Frameworks */,
				CC3647E7256A9B680942F4A2 /* Pods_iOS_Test.framework in Frameworks */,
			);
			runOnlyForDeploymentPostprocessing = 0;
		};
		B5F81099283691AC00CA5FB4 /* Frameworks */ = {
			isa = PBXFrameworksBuildPhase;
			buildActionMask = 2147483647;
			files = (
				CE117E3E61EF02F90DFE5FB0 /* Pods_iOS_TestTests.framework in Frameworks */,
			);
			runOnlyForDeploymentPostprocessing = 0;
		};
		B5F810A3283691AC00CA5FB4 /* Frameworks */ = {
			isa = PBXFrameworksBuildPhase;
			buildActionMask = 2147483647;
			files = (
				523D774F2F4796FC3694904D /* Pods_iOS_Test_iOS_TestUITests.framework in Frameworks */,
			);
			runOnlyForDeploymentPostprocessing = 0;
		};
/* End PBXFrameworksBuildPhase section */

/* Begin PBXGroup section */
		7DFDF9463CB9A8D154FB4664 /* Pods */ = {
			isa = PBXGroup;
			children = (
				75C60A3DCCEA1A12698BA89E /* Pods-iOS-Test.debug.xcconfig */,
				F5829EFA7D702B698820BEDB /* Pods-iOS-Test.release.xcconfig */,
				A4940E95D456F939B6C13546 /* Pods-iOS-Test-iOS-TestUITests.debug.xcconfig */,
				03EB43BAE82EBD7E226EB04F /* Pods-iOS-Test-iOS-TestUITests.release.xcconfig */,
				FF17954BDE5E4F3B8BF9974B /* Pods-iOS-TestTests.debug.xcconfig */,
				F74CE1ABE00E97CF02F9CEBB /* Pods-iOS-TestTests.release.xcconfig */,
			);
			path = Pods;
			sourceTree = "<group>";
		};
		8B4F8E61C2513593A741AB58 /* Frameworks */ = {
			isa = PBXGroup;
			children = (
				900A38CE23B39781209EC313 /* Pods_iOS_Test.framework */,
				826470BC95C494E49B7A8501 /* Pods_iOS_Test_iOS_TestUITests.framework */,
				12B511D92A6FB49F427C84C2 /* Pods_iOS_TestTests.framework */,
			);
			name = Frameworks;
			sourceTree = "<group>";
		};
		B5CB46F228408C600082926D /* Util */ = {
			isa = PBXGroup;
			children = (
				B5CB46F0284089D80082926D /* StarView.swift */,
				B5CB46EE2840285D0082926D /* DeleteButtonView.swift */,
			);
			path = Util;
			sourceTree = "<group>";
		};
		B5F81083283691A600CA5FB4 = {
			isa = PBXGroup;
			children = (
				B5F8108E283691A700CA5FB4 /* iOS-Test */,
				B5F8109F283691AC00CA5FB4 /* iOS-TestTests */,
				B5F810A9283691AC00CA5FB4 /* iOS-TestUITests */,
				B5F8108D283691A700CA5FB4 /* Products */,
				7DFDF9463CB9A8D154FB4664 /* Pods */,
				8B4F8E61C2513593A741AB58 /* Frameworks */,
			);
			sourceTree = "<group>";
		};
		B5F8108D283691A700CA5FB4 /* Products */ = {
			isa = PBXGroup;
			children = (
				B5F8108C283691A700CA5FB4 /* iOS-Test.app */,
				B5F8109C283691AC00CA5FB4 /* iOS-TestTests.xctest */,
				B5F810A6283691AC00CA5FB4 /* iOS-TestUITests.xctest */,
			);
			name = Products;
			sourceTree = "<group>";
		};
		B5F8108E283691A700CA5FB4 /* iOS-Test */ = {
			isa = PBXGroup;
			children = (
				B5F810E22836DABF00CA5FB4 /* ViewModel */,
				B5F810DB2836CCD300CA5FB4 /* Util */,
				B5F810CA2836B03800CA5FB4 /* View */,
				B5F810BD2836931200CA5FB4 /* Model */,
				B5F810BC283692E200CA5FB4 /* Network */,
				B5F8108F283691A700CA5FB4 /* iOS_TestApp.swift */,
				B5F81093283691AB00CA5FB4 /* Assets.xcassets */,
				B5F81095283691AB00CA5FB4 /* Preview Content */,
			);
			path = "iOS-Test";
			sourceTree = "<group>";
		};
		B5F81095283691AB00CA5FB4 /* Preview Content */ = {
			isa = PBXGroup;
			children = (
				B5F81096283691AB00CA5FB4 /* Preview Assets.xcassets */,
			);
			path = "Preview Content";
			sourceTree = "<group>";
		};
		B5F8109F283691AC00CA5FB4 /* iOS-TestTests */ = {
			isa = PBXGroup;
			children = (
				B5F810A0283691AC00CA5FB4 /* iOS_TestTests.swift */,
			);
			path = "iOS-TestTests";
			sourceTree = "<group>";
		};
		B5F810A9283691AC00CA5FB4 /* iOS-TestUITests */ = {
			isa = PBXGroup;
			children = (
				B5F810AA283691AC00CA5FB4 /* iOS_TestUITests.swift */,
				B5F810AC283691AC00CA5FB4 /* iOS_TestUITestsLaunchTests.swift */,
			);
			path = "iOS-TestUITests";
			sourceTree = "<group>";
		};
		B5F810BC283692E200CA5FB4 /* Network */ = {
			isa = PBXGroup;
			children = (
				B5F810B92836920300CA5FB4 /* PlaceholderWebService.swift */,
				B5F810C42836A18400CA5FB4 /* PostService.swift */,
				B5F810DE2836CF8000CA5FB4 /* UserService.swift */,
				B5F810E02836D4EA00CA5FB4 /* CommentService.swift */,
			);
			path = Network;
			sourceTree = "<group>";
		};
		B5F810BD2836931200CA5FB4 /* Model */ = {
			isa = PBXGroup;
			children = (
				B5F810BE2836939700CA5FB4 /* User.swift */,
				B5F810C0283695A300CA5FB4 /* Post.swift */,
				B5F810C62836ADB400CA5FB4 /* Comment.swift */,
			);
			path = Model;
			sourceTree = "<group>";
		};
		B5F810CA2836B03800CA5FB4 /* View */ = {
			isa = PBXGroup;
			children = (
				B5CB46F228408C600082926D /* Util */,
				B5F810EA2838124E00CA5FB4 /* User */,
				B5F810E92838123400CA5FB4 /* Post */,
				B5F810D52836B83A00CA5FB4 /* CommentListView.swift */,
			);
			path = View;
			sourceTree = "<group>";
		};
		B5F810DB2836CCD300CA5FB4 /* Util */ = {
			isa = PBXGroup;
			children = (
				B5F810DC2836CCFB00CA5FB4 /* NavBarAppearanceModifier.swift */,
			);
			path = Util;
			sourceTree = "<group>";
		};
		B5F810E22836DABF00CA5FB4 /* ViewModel */ = {
			isa = PBXGroup;
			children = (
				B5F810E32836DAD000CA5FB4 /* PostViewModel.swift */,
				B5F810E52837556800CA5FB4 /* UserViewModel.swift */,
				B5F810E72837561D00CA5FB4 /* CommentViewModel.swift */,
			);
			path = ViewModel;
			sourceTree = "<group>";
		};
		B5F810E92838123400CA5FB4 /* Post */ = {
			isa = PBXGroup;
			children = (
				B5F810D92836C3EA00CA5FB4 /* PostDescriptionView.swift */,
				B5F810CF2836B27800CA5FB4 /* PostDetailView.swift */,
				B5F810CB2836B09C00CA5FB4 /* PostListView.swift */,
				B5F810C82836AE4200CA5FB4 /* PostRowView.swift */,
			);
			path = Post;
			sourceTree = "<group>";
		};
		B5F810EA2838124E00CA5FB4 /* User */ = {
			isa = PBXGroup;
			children = (
				B5F810D72836BA7500CA5FB4 /* UserInfoView.swift */,
				B5F810D12836B45C00CA5FB4 /* UserTextView.swift */,
			);
			path = User;
			sourceTree = "<group>";
		};
/* End PBXGroup section */

/* Begin PBXNativeTarget section */
		B5F8108B283691A700CA5FB4 /* iOS-Test */ = {
			isa = PBXNativeTarget;
			buildConfigurationList = B5F810B0283691AC00CA5FB4 /* Build configuration list for PBXNativeTarget "iOS-Test" */;
			buildPhases = (
				02082AEE4E7CD730EE3F6BAC /* [CP] Check Pods Manifest.lock */,
				B5F81088283691A700CA5FB4 /* Sources */,
				B5F81089283691A700CA5FB4 /* Frameworks */,
				B5F8108A283691A700CA5FB4 /* Resources */,
				8A5001F7D285DB977BB35253 /* [CP] Embed Pods Frameworks */,
			);
			buildRules = (
			);
			dependencies = (
			);
			name = "iOS-Test";
			packageProductDependencies = (
				B5D15FCE28411F9000A81432 /* Refreshable */,
			);
			productName = "iOS-Test";
			productReference = B5F8108C283691A700CA5FB4 /* iOS-Test.app */;
			productType = "com.apple.product-type.application";
		};
		B5F8109B283691AC00CA5FB4 /* iOS-TestTests */ = {
			isa = PBXNativeTarget;
			buildConfigurationList = B5F810B3283691AC00CA5FB4 /* Build configuration list for PBXNativeTarget "iOS-TestTests" */;
			buildPhases = (
				0C811B066ECE0B2E0096CE5B /* [CP] Check Pods Manifest.lock */,
				B5F81098283691AC00CA5FB4 /* Sources */,
				B5F81099283691AC00CA5FB4 /* Frameworks */,
				B5F8109A283691AC00CA5FB4 /* Resources */,
			);
			buildRules = (
			);
			dependencies = (
				B5F8109E283691AC00CA5FB4 /* PBXTargetDependency */,
			);
			name = "iOS-TestTests";
			productName = "iOS-TestTests";
			productReference = B5F8109C283691AC00CA5FB4 /* iOS-TestTests.xctest */;
			productType = "com.apple.product-type.bundle.unit-test";
		};
		B5F810A5283691AC00CA5FB4 /* iOS-TestUITests */ = {
			isa = PBXNativeTarget;
			buildConfigurationList = B5F810B6283691AC00CA5FB4 /* Build configuration list for PBXNativeTarget "iOS-TestUITests" */;
			buildPhases = (
				1F41236FBACF5E6F65772392 /* [CP] Check Pods Manifest.lock */,
				B5F810A2283691AC00CA5FB4 /* Sources */,
				B5F810A3283691AC00CA5FB4 /* Frameworks */,
				B5F810A4283691AC00CA5FB4 /* Resources */,
				2DECF5966D1C85181E51A28A /* [CP] Embed Pods Frameworks */,
			);
			buildRules = (
			);
			dependencies = (
				B5F810A8283691AC00CA5FB4 /* PBXTargetDependency */,
			);
			name = "iOS-TestUITests";
			productName = "iOS-TestUITests";
			productReference = B5F810A6283691AC00CA5FB4 /* iOS-TestUITests.xctest */;
			productType = "com.apple.product-type.bundle.ui-testing";
		};
/* End PBXNativeTarget section */

/* Begin PBXProject section */
		B5F81084283691A600CA5FB4 /* Project object */ = {
			isa = PBXProject;
			attributes = {
				BuildIndependentTargetsInParallel = 1;
				LastSwiftUpdateCheck = 1330;
				LastUpgradeCheck = 1330;
				TargetAttributes = {
					B5F8108B283691A700CA5FB4 = {
						CreatedOnToolsVersion = 13.3;
					};
					B5F8109B283691AC00CA5FB4 = {
						CreatedOnToolsVersion = 13.3;
						TestTargetID = B5F8108B283691A700CA5FB4;
					};
					B5F810A5283691AC00CA5FB4 = {
						CreatedOnToolsVersion = 13.3;
						TestTargetID = B5F8108B283691A700CA5FB4;
					};
				};
			};
			buildConfigurationList = B5F81087283691A600CA5FB4 /* Build configuration list for PBXProject "iOS-Test" */;
			compatibilityVersion = "Xcode 13.0";
			developmentRegion = en;
			hasScannedForEncodings = 0;
			knownRegions = (
				en,
				Base,
			);
			mainGroup = B5F81083283691A600CA5FB4;
			packageReferences = (
				B5D15FCD28411F9000A81432 /* XCRemoteSwiftPackageReference "iOS.Package" */,
			);
			productRefGroup = B5F8108D283691A700CA5FB4 /* Products */;
			projectDirPath = "";
			projectRoot = "";
			targets = (
				B5F8108B283691A700CA5FB4 /* iOS-Test */,
				B5F8109B283691AC00CA5FB4 /* iOS-TestTests */,
				B5F810A5283691AC00CA5FB4 /* iOS-TestUITests */,
			);
		};
/* End PBXProject section */

/* Begin PBXResourcesBuildPhase section */
		B5F8108A283691A700CA5FB4 /* Resources */ = {
			isa = PBXResourcesBuildPhase;
			buildActionMask = 2147483647;
			files = (
				B5F81097283691AB00CA5FB4 /* Preview Assets.xcassets in Resources */,
				B5F81094283691AB00CA5FB4 /* Assets.xcassets in Resources */,
			);
			runOnlyForDeploymentPostprocessing = 0;
		};
		B5F8109A283691AC00CA5FB4 /* Resources */ = {
			isa = PBXResourcesBuildPhase;
			buildActionMask = 2147483647;
			files = (
			);
			runOnlyForDeploymentPostprocessing = 0;
		};
		B5F810A4283691AC00CA5FB4 /* Resources */ = {
			isa = PBXResourcesBuildPhase;
			buildActionMask = 2147483647;
			files = (
			);
			runOnlyForDeploymentPostprocessing = 0;
		};
/* End PBXResourcesBuildPhase section */

/* Begin PBXShellScriptBuildPhase section */
		02082AEE4E7CD730EE3F6BAC /* [CP] Check Pods Manifest.lock */ = {
			isa = PBXShellScriptBuildPhase;
			buildActionMask = 2147483647;
			files = (
			);
			inputFileListPaths = (
			);
			inputPaths = (
				"${PODS_PODFILE_DIR_PATH}/Podfile.lock",
				"${PODS_ROOT}/Manifest.lock",
			);
			name = "[CP] Check Pods Manifest.lock";
			outputFileListPaths = (
			);
			outputPaths = (
				"$(DERIVED_FILE_DIR)/Pods-iOS-Test-checkManifestLockResult.txt",
			);
			runOnlyForDeploymentPostprocessing = 0;
			shellPath = /bin/sh;
			shellScript = "diff \"${PODS_PODFILE_DIR_PATH}/Podfile.lock\" \"${PODS_ROOT}/Manifest.lock\" > /dev/null\nif [ $? != 0 ] ; then\n    # print error to STDERR\n    echo \"error: The sandbox is not in sync with the Podfile.lock. Run 'pod install' or update your CocoaPods installation.\" >&2\n    exit 1\nfi\n# This output is used by Xcode 'outputs' to avoid re-running this script phase.\necho \"SUCCESS\" > \"${SCRIPT_OUTPUT_FILE_0}\"\n";
			showEnvVarsInLog = 0;
		};
		0C811B066ECE0B2E0096CE5B /* [CP] Check Pods Manifest.lock */ = {
			isa = PBXShellScriptBuildPhase;
			buildActionMask = 2147483647;
			files = (
			);
			inputFileListPaths = (
			);
			inputPaths = (
				"${PODS_PODFILE_DIR_PATH}/Podfile.lock",
				"${PODS_ROOT}/Manifest.lock",
			);
			name = "[CP] Check Pods Manifest.lock";
			outputFileListPaths = (
			);
			outputPaths = (
				"$(DERIVED_FILE_DIR)/Pods-iOS-TestTests-checkManifestLockResult.txt",
			);
			runOnlyForDeploymentPostprocessing = 0;
			shellPath = /bin/sh;
			shellScript = "diff \"${PODS_PODFILE_DIR_PATH}/Podfile.lock\" \"${PODS_ROOT}/Manifest.lock\" > /dev/null\nif [ $? != 0 ] ; then\n    # print error to STDERR\n    echo \"error: The sandbox is not in sync with the Podfile.lock. Run 'pod install' or update your CocoaPods installation.\" >&2\n    exit 1\nfi\n# This output is used by Xcode 'outputs' to avoid re-running this script phase.\necho \"SUCCESS\" > \"${SCRIPT_OUTPUT_FILE_0}\"\n";
			showEnvVarsInLog = 0;
		};
		1F41236FBACF5E6F65772392 /* [CP] Check Pods Manifest.lock */ = {
			isa = PBXShellScriptBuildPhase;
			buildActionMask = 2147483647;
			files = (
			);
			inputFileListPaths = (
			);
			inputPaths = (
				"${PODS_PODFILE_DIR_PATH}/Podfile.lock",
				"${PODS_ROOT}/Manifest.lock",
			);
			name = "[CP] Check Pods Manifest.lock";
			outputFileListPaths = (
			);
			outputPaths = (
				"$(DERIVED_FILE_DIR)/Pods-iOS-Test-iOS-TestUITests-checkManifestLockResult.txt",
			);
			runOnlyForDeploymentPostprocessing = 0;
			shellPath = /bin/sh;
			shellScript = "diff \"${PODS_PODFILE_DIR_PATH}/Podfile.lock\" \"${PODS_ROOT}/Manifest.lock\" > /dev/null\nif [ $? != 0 ] ; then\n    # print error to STDERR\n    echo \"error: The sandbox is not in sync with the Podfile.lock. Run 'pod install' or update your CocoaPods installation.\" >&2\n    exit 1\nfi\n# This output is used by Xcode 'outputs' to avoid re-running this script phase.\necho \"SUCCESS\" > \"${SCRIPT_OUTPUT_FILE_0}\"\n";
			showEnvVarsInLog = 0;
		};
		2DECF5966D1C85181E51A28A /* [CP] Embed Pods Frameworks */ = {
			isa = PBXShellScriptBuildPhase;
			buildActionMask = 2147483647;
			files = (
			);
			inputFileListPaths = (
				"${PODS_ROOT}/Target Support Files/Pods-iOS-Test-iOS-TestUITests/Pods-iOS-Test-iOS-TestUITests-frameworks-${CONFIGURATION}-input-files.xcfilelist",
			);
			name = "[CP] Embed Pods Frameworks";
			outputFileListPaths = (
				"${PODS_ROOT}/Target Support Files/Pods-iOS-Test-iOS-TestUITests/Pods-iOS-Test-iOS-TestUITests-frameworks-${CONFIGURATION}-output-files.xcfilelist",
			);
			runOnlyForDeploymentPostprocessing = 0;
			shellPath = /bin/sh;
			shellScript = "\"${PODS_ROOT}/Target Support Files/Pods-iOS-Test-iOS-TestUITests/Pods-iOS-Test-iOS-TestUITests-frameworks.sh\"\n";
			showEnvVarsInLog = 0;
		};
		8A5001F7D285DB977BB35253 /* [CP] Embed Pods Frameworks */ = {
			isa = PBXShellScriptBuildPhase;
			buildActionMask = 2147483647;
			files = (
			);
			inputFileListPaths = (
				"${PODS_ROOT}/Target Support Files/Pods-iOS-Test/Pods-iOS-Test-frameworks-${CONFIGURATION}-input-files.xcfilelist",
			);
			name = "[CP] Embed Pods Frameworks";
			outputFileListPaths = (
				"${PODS_ROOT}/Target Support Files/Pods-iOS-Test/Pods-iOS-Test-frameworks-${CONFIGURATION}-output-files.xcfilelist",
			);
			runOnlyForDeploymentPostprocessing = 0;
			shellPath = /bin/sh;
			shellScript = "\"${PODS_ROOT}/Target Support Files/Pods-iOS-Test/Pods-iOS-Test-frameworks.sh\"\n";
			showEnvVarsInLog = 0;
		};
/* End PBXShellScriptBuildPhase section */

/* Begin PBXSourcesBuildPhase section */
		B5F81088283691A700CA5FB4 /* Sources */ = {
			isa = PBXSourcesBuildPhase;
			buildActionMask = 2147483647;
			files = (
				B5F810C1283695A300CA5FB4 /* Post.swift in Sources */,
				B5CB46F1284089D80082926D /* StarView.swift in Sources */,
				B5F810DA2836C3EA00CA5FB4 /* PostDescriptionView.swift in Sources */,
				B5F810D82836BA7500CA5FB4 /* UserInfoView.swift in Sources */,
				B5F810D02836B27800CA5FB4 /* PostDetailView.swift in Sources */,
				B5F810C52836A18400CA5FB4 /* PostService.swift in Sources */,
				B5F810C92836AE4200CA5FB4 /* PostRowView.swift in Sources */,
				B5F810E42836DAD000CA5FB4 /* PostViewModel.swift in Sources */,
				B5F810D62836B83A00CA5FB4 /* CommentListView.swift in Sources */,
				B5F810E82837561D00CA5FB4 /* CommentViewModel.swift in Sources */,
				B5F810BF2836939700CA5FB4 /* User.swift in Sources */,
				B5F810C72836ADB400CA5FB4 /* Comment.swift in Sources */,
				B5CB46EF2840285D0082926D /* DeleteButtonView.swift in Sources */,
				B5F810E12836D4EA00CA5FB4 /* CommentService.swift in Sources */,
				B5F810BA2836920300CA5FB4 /* PlaceholderWebService.swift in Sources */,
				B5F810E62837556800CA5FB4 /* UserViewModel.swift in Sources */,
				B5F810CC2836B09C00CA5FB4 /* PostListView.swift in Sources */,
				B5F810DF2836CF8000CA5FB4 /* UserService.swift in Sources */,
				B5F810D22836B45C00CA5FB4 /* UserTextView.swift in Sources */,
				B5F810DD2836CCFB00CA5FB4 /* NavBarAppearanceModifier.swift in Sources */,
				B5F81090283691A700CA5FB4 /* iOS_TestApp.swift in Sources */,
			);
			runOnlyForDeploymentPostprocessing = 0;
		};
		B5F81098283691AC00CA5FB4 /* Sources */ = {
			isa = PBXSourcesBuildPhase;
			buildActionMask = 2147483647;
			files = (
				B5F810A1283691AC00CA5FB4 /* iOS_TestTests.swift in Sources */,
			);
			runOnlyForDeploymentPostprocessing = 0;
		};
		B5F810A2283691AC00CA5FB4 /* Sources */ = {
			isa = PBXSourcesBuildPhase;
			buildActionMask = 2147483647;
			files = (
				B5F810AD283691AC00CA5FB4 /* iOS_TestUITestsLaunchTests.swift in Sources */,
				B5F810AB283691AC00CA5FB4 /* iOS_TestUITests.swift in Sources */,
			);
			runOnlyForDeploymentPostprocessing = 0;
		};
/* End PBXSourcesBuildPhase section */

/* Begin PBXTargetDependency section */
		B5F8109E283691AC00CA5FB4 /* PBXTargetDependency */ = {
			isa = PBXTargetDependency;
			target = B5F8108B283691A700CA5FB4 /* iOS-Test */;
			targetProxy = B5F8109D283691AC00CA5FB4 /* PBXContainerItemProxy */;
		};
		B5F810A8283691AC00CA5FB4 /* PBXTargetDependency */ = {
			isa = PBXTargetDependency;
			target = B5F8108B283691A700CA5FB4 /* iOS-Test */;
			targetProxy = B5F810A7283691AC00CA5FB4 /* PBXContainerItemProxy */;
		};
/* End PBXTargetDependency section */

/* Begin XCBuildConfiguration section */
		B5F810AE283691AC00CA5FB4 /* Debug */ = {
			isa = XCBuildConfiguration;
			buildSettings = {
				ALWAYS_SEARCH_USER_PATHS = NO;
				CLANG_ANALYZER_NONNULL = YES;
				CLANG_ANALYZER_NUMBER_OBJECT_CONVERSION = YES_AGGRESSIVE;
				CLANG_CXX_LANGUAGE_STANDARD = "gnu++17";
				CLANG_ENABLE_MODULES = YES;
				CLANG_ENABLE_OBJC_ARC = YES;
				CLANG_ENABLE_OBJC_WEAK = YES;
				CLANG_WARN_BLOCK_CAPTURE_AUTORELEASING = YES;
				CLANG_WARN_BOOL_CONVERSION = YES;
				CLANG_WARN_COMMA = YES;
				CLANG_WARN_CONSTANT_CONVERSION = YES;
				CLANG_WARN_DEPRECATED_OBJC_IMPLEMENTATIONS = YES;
				CLANG_WARN_DIRECT_OBJC_ISA_USAGE = YES_ERROR;
				CLANG_WARN_DOCUMENTATION_COMMENTS = YES;
				CLANG_WARN_EMPTY_BODY = YES;
				CLANG_WARN_ENUM_CONVERSION = YES;
				CLANG_WARN_INFINITE_RECURSION = YES;
				CLANG_WARN_INT_CONVERSION = YES;
				CLANG_WARN_NON_LITERAL_NULL_CONVERSION = YES;
				CLANG_WARN_OBJC_IMPLICIT_RETAIN_SELF = YES;
				CLANG_WARN_OBJC_LITERAL_CONVERSION = YES;
				CLANG_WARN_OBJC_ROOT_CLASS = YES_ERROR;
				CLANG_WARN_QUOTED_INCLUDE_IN_FRAMEWORK_HEADER = YES;
				CLANG_WARN_RANGE_LOOP_ANALYSIS = YES;
				CLANG_WARN_STRICT_PROTOTYPES = YES;
				CLANG_WARN_SUSPICIOUS_MOVE = YES;
				CLANG_WARN_UNGUARDED_AVAILABILITY = YES_AGGRESSIVE;
				CLANG_WARN_UNREACHABLE_CODE = YES;
				CLANG_WARN__DUPLICATE_METHOD_MATCH = YES;
				COPY_PHASE_STRIP = NO;
				DEBUG_INFORMATION_FORMAT = dwarf;
				ENABLE_STRICT_OBJC_MSGSEND = YES;
				ENABLE_TESTABILITY = YES;
				GCC_C_LANGUAGE_STANDARD = gnu11;
				GCC_DYNAMIC_NO_PIC = NO;
				GCC_NO_COMMON_BLOCKS = YES;
				GCC_OPTIMIZATION_LEVEL = 0;
				GCC_PREPROCESSOR_DEFINITIONS = (
					"DEBUG=1",
					"$(inherited)",
				);
				GCC_WARN_64_TO_32_BIT_CONVERSION = YES;
				GCC_WARN_ABOUT_RETURN_TYPE = YES_ERROR;
				GCC_WARN_UNDECLARED_SELECTOR = YES;
				GCC_WARN_UNINITIALIZED_AUTOS = YES_AGGRESSIVE;
				GCC_WARN_UNUSED_FUNCTION = YES;
				GCC_WARN_UNUSED_VARIABLE = YES;
				IPHONEOS_DEPLOYMENT_TARGET = 14.0;
				MTL_ENABLE_DEBUG_INFO = INCLUDE_SOURCE;
				MTL_FAST_MATH = YES;
				ONLY_ACTIVE_ARCH = YES;
				SDKROOT = iphoneos;
				SWIFT_ACTIVE_COMPILATION_CONDITIONS = DEBUG;
				SWIFT_OPTIMIZATION_LEVEL = "-Onone";
			};
			name = Debug;
		};
		B5F810AF283691AC00CA5FB4 /* Release */ = {
			isa = XCBuildConfiguration;
			buildSettings = {
				ALWAYS_SEARCH_USER_PATHS = NO;
				CLANG_ANALYZER_NONNULL = YES;
				CLANG_ANALYZER_NUMBER_OBJECT_CONVERSION = YES_AGGRESSIVE;
				CLANG_CXX_LANGUAGE_STANDARD = "gnu++17";
				CLANG_ENABLE_MODULES = YES;
				CLANG_ENABLE_OBJC_ARC = YES;
				CLANG_ENABLE_OBJC_WEAK = YES;
				CLANG_WARN_BLOCK_CAPTURE_AUTORELEASING = YES;
				CLANG_WARN_BOOL_CONVERSION = YES;
				CLANG_WARN_COMMA = YES;
				CLANG_WARN_CONSTANT_CONVERSION = YES;
				CLANG_WARN_DEPRECATED_OBJC_IMPLEMENTATIONS = YES;
				CLANG_WARN_DIRECT_OBJC_ISA_USAGE = YES_ERROR;
				CLANG_WARN_DOCUMENTATION_COMMENTS = YES;
				CLANG_WARN_EMPTY_BODY = YES;
				CLANG_WARN_ENUM_CONVERSION = YES;
				CLANG_WARN_INFINITE_RECURSION = YES;
				CLANG_WARN_INT_CONVERSION = YES;
				CLANG_WARN_NON_LITERAL_NULL_CONVERSION = YES;
				CLANG_WARN_OBJC_IMPLICIT_RETAIN_SELF = YES;
				CLANG_WARN_OBJC_LITERAL_CONVERSION = YES;
				CLANG_WARN_OBJC_ROOT_CLASS = YES_ERROR;
				CLANG_WARN_QUOTED_INCLUDE_IN_FRAMEWORK_HEADER = YES;
				CLANG_WARN_RANGE_LOOP_ANALYSIS = YES;
				CLANG_WARN_STRICT_PROTOTYPES = YES;
				CLANG_WARN_SUSPICIOUS_MOVE = YES;
				CLANG_WARN_UNGUARDED_AVAILABILITY = YES_AGGRESSIVE;
				CLANG_WARN_UNREACHABLE_CODE = YES;
				CLANG_WARN__DUPLICATE_METHOD_MATCH = YES;
				COPY_PHASE_STRIP = NO;
				DEBUG_INFORMATION_FORMAT = "dwarf-with-dsym";
				ENABLE_NS_ASSERTIONS = NO;
				ENABLE_STRICT_OBJC_MSGSEND = YES;
				GCC_C_LANGUAGE_STANDARD = gnu11;
				GCC_NO_COMMON_BLOCKS = YES;
				GCC_WARN_64_TO_32_BIT_CONVERSION = YES;
				GCC_WARN_ABOUT_RETURN_TYPE = YES_ERROR;
				GCC_WARN_UNDECLARED_SELECTOR = YES;
				GCC_WARN_UNINITIALIZED_AUTOS = YES_AGGRESSIVE;
				GCC_WARN_UNUSED_FUNCTION = YES;
				GCC_WARN_UNUSED_VARIABLE = YES;
				IPHONEOS_DEPLOYMENT_TARGET = 14.0;
				MTL_ENABLE_DEBUG_INFO = NO;
				MTL_FAST_MATH = YES;
				SDKROOT = iphoneos;
				SWIFT_COMPILATION_MODE = wholemodule;
				SWIFT_OPTIMIZATION_LEVEL = "-O";
				VALIDATE_PRODUCT = YES;
			};
			name = Release;
		};
		B5F810B1283691AC00CA5FB4 /* Debug */ = {
			isa = XCBuildConfiguration;
			baseConfigurationReference = 75C60A3DCCEA1A12698BA89E /* Pods-iOS-Test.debug.xcconfig */;
			buildSettings = {
				ASSETCATALOG_COMPILER_APPICON_NAME = AppIcon;
				ASSETCATALOG_COMPILER_GLOBAL_ACCENT_COLOR_NAME = AccentColor;
				CODE_SIGN_STYLE = Automatic;
				CURRENT_PROJECT_VERSION = 1;
				DEVELOPMENT_ASSET_PATHS = "\"iOS-Test/Preview Content\"";
				ENABLE_PREVIEWS = YES;
				GENERATE_INFOPLIST_FILE = YES;
				INFOPLIST_KEY_UIApplicationSceneManifest_Generation = YES;
				INFOPLIST_KEY_UIApplicationSupportsIndirectInputEvents = YES;
				INFOPLIST_KEY_UILaunchScreen_Generation = YES;
				INFOPLIST_KEY_UISupportedInterfaceOrientations_iPad = "UIInterfaceOrientationPortrait UIInterfaceOrientationPortraitUpsideDown UIInterfaceOrientationLandscapeLeft UIInterfaceOrientationLandscapeRight";
				INFOPLIST_KEY_UISupportedInterfaceOrientations_iPhone = "UIInterfaceOrientationPortrait UIInterfaceOrientationLandscapeLeft UIInterfaceOrientationLandscapeRight";
				LD_RUNPATH_SEARCH_PATHS = (
					"$(inherited)",
					"@executable_path/Frameworks",
				);
				MARKETING_VERSION = 1.0;
				PRODUCT_BUNDLE_IDENTIFIER = "com.joha.iOS-Test";
				PRODUCT_NAME = "$(TARGET_NAME)";
				SWIFT_EMIT_LOC_STRINGS = YES;
				SWIFT_VERSION = 5.0;
				TARGETED_DEVICE_FAMILY = "1,2";
			};
			name = Debug;
		};
		B5F810B2283691AC00CA5FB4 /* Release */ = {
			isa = XCBuildConfiguration;
			baseConfigurationReference = F5829EFA7D702B698820BEDB /* Pods-iOS-Test.release.xcconfig */;
			buildSettings = {
				ASSETCATALOG_COMPILER_APPICON_NAME = AppIcon;
				ASSETCATALOG_COMPILER_GLOBAL_ACCENT_COLOR_NAME = AccentColor;
				CODE_SIGN_STYLE = Automatic;
				CURRENT_PROJECT_VERSION = 1;
				DEVELOPMENT_ASSET_PATHS = "\"iOS-Test/Preview Content\"";
				ENABLE_PREVIEWS = YES;
				GENERATE_INFOPLIST_FILE = YES;
				INFOPLIST_KEY_UIApplicationSceneManifest_Generation = YES;
				INFOPLIST_KEY_UIApplicationSupportsIndirectInputEvents = YES;
				INFOPLIST_KEY_UILaunchScreen_Generation = YES;
				INFOPLIST_KEY_UISupportedInterfaceOrientations_iPad = "UIInterfaceOrientationPortrait UIInterfaceOrientationPortraitUpsideDown UIInterfaceOrientationLandscapeLeft UIInterfaceOrientationLandscapeRight";
				INFOPLIST_KEY_UISupportedInterfaceOrientations_iPhone = "UIInterfaceOrientationPortrait UIInterfaceOrientationLandscapeLeft UIInterfaceOrientationLandscapeRight";
				LD_RUNPATH_SEARCH_PATHS = (
					"$(inherited)",
					"@executable_path/Frameworks",
				);
				MARKETING_VERSION = 1.0;
				PRODUCT_BUNDLE_IDENTIFIER = "com.joha.iOS-Test";
				PRODUCT_NAME = "$(TARGET_NAME)";
				SWIFT_EMIT_LOC_STRINGS = YES;
				SWIFT_VERSION = 5.0;
				TARGETED_DEVICE_FAMILY = "1,2";
			};
			name = Release;
		};
		B5F810B4283691AC00CA5FB4 /* Debug */ = {
			isa = XCBuildConfiguration;
			baseConfigurationReference = FF17954BDE5E4F3B8BF9974B /* Pods-iOS-TestTests.debug.xcconfig */;
			buildSettings = {
				ALWAYS_EMBED_SWIFT_STANDARD_LIBRARIES = YES;
				BUNDLE_LOADER = "$(TEST_HOST)";
				CODE_SIGN_STYLE = Automatic;
				CURRENT_PROJECT_VERSION = 1;
				GENERATE_INFOPLIST_FILE = YES;
				IPHONEOS_DEPLOYMENT_TARGET = 15.4;
				MARKETING_VERSION = 1.0;
				PRODUCT_BUNDLE_IDENTIFIER = "com.joha.iOS-TestTests";
				PRODUCT_NAME = "$(TARGET_NAME)";
				SWIFT_EMIT_LOC_STRINGS = NO;
				SWIFT_VERSION = 5.0;
				TARGETED_DEVICE_FAMILY = "1,2";
				TEST_HOST = "$(BUILT_PRODUCTS_DIR)/iOS-Test.app/iOS-Test";
			};
			name = Debug;
		};
		B5F810B5283691AC00CA5FB4 /* Release */ = {
			isa = XCBuildConfiguration;
			baseConfigurationReference = F74CE1ABE00E97CF02F9CEBB /* Pods-iOS-TestTests.release.xcconfig */;
			buildSettings = {
				ALWAYS_EMBED_SWIFT_STANDARD_LIBRARIES = YES;
				BUNDLE_LOADER = "$(TEST_HOST)";
				CODE_SIGN_STYLE = Automatic;
				CURRENT_PROJECT_VERSION = 1;
				GENERATE_INFOPLIST_FILE = YES;
				IPHONEOS_DEPLOYMENT_TARGET = 15.4;
				MARKETING_VERSION = 1.0;
				PRODUCT_BUNDLE_IDENTIFIER = "com.joha.iOS-TestTests";
				PRODUCT_NAME = "$(TARGET_NAME)";
				SWIFT_EMIT_LOC_STRINGS = NO;
				SWIFT_VERSION = 5.0;
				TARGETED_DEVICE_FAMILY = "1,2";
				TEST_HOST = "$(BUILT_PRODUCTS_DIR)/iOS-Test.app/iOS-Test";
			};
			name = Release;
		};
		B5F810B7283691AC00CA5FB4 /* Debug */ = {
			isa = XCBuildConfiguration;
			baseConfigurationReference = A4940E95D456F939B6C13546 /* Pods-iOS-Test-iOS-TestUITests.debug.xcconfig */;
			buildSettings = {
				ALWAYS_EMBED_SWIFT_STANDARD_LIBRARIES = YES;
				CODE_SIGN_STYLE = Automatic;
				CURRENT_PROJECT_VERSION = 1;
				GENERATE_INFOPLIST_FILE = YES;
				MARKETING_VERSION = 1.0;
				PRODUCT_BUNDLE_IDENTIFIER = "com.joha.iOS-TestUITests";
				PRODUCT_NAME = "$(TARGET_NAME)";
				SWIFT_EMIT_LOC_STRINGS = NO;
				SWIFT_VERSION = 5.0;
				TARGETED_DEVICE_FAMILY = "1,2";
				TEST_TARGET_NAME = "iOS-Test";
			};
			name = Debug;
		};
		B5F810B8283691AC00CA5FB4 /* Release */ = {
			isa = XCBuildConfiguration;
			baseConfigurationReference = 03EB43BAE82EBD7E226EB04F /* Pods-iOS-Test-iOS-TestUITests.release.xcconfig */;
			buildSettings = {
				ALWAYS_EMBED_SWIFT_STANDARD_LIBRARIES = YES;
				CODE_SIGN_STYLE = Automatic;
				CURRENT_PROJECT_VERSION = 1;
				GENERATE_INFOPLIST_FILE = YES;
				MARKETING_VERSION = 1.0;
				PRODUCT_BUNDLE_IDENTIFIER = "com.joha.iOS-TestUITests";
				PRODUCT_NAME = "$(TARGET_NAME)";
				SWIFT_EMIT_LOC_STRINGS = NO;
				SWIFT_VERSION = 5.0;
				TARGETED_DEVICE_FAMILY = "1,2";
				TEST_TARGET_NAME = "iOS-Test";
			};
			name = Release;
		};
/* End XCBuildConfiguration section */

/* Begin XCConfigurationList section */
		B5F81087283691A600CA5FB4 /* Build configuration list for PBXProject "iOS-Test" */ = {
			isa = XCConfigurationList;
			buildConfigurations = (
				B5F810AE283691AC00CA5FB4 /* Debug */,
				B5F810AF283691AC00CA5FB4 /* Release */,
			);
			defaultConfigurationIsVisible = 0;
			defaultConfigurationName = Release;
		};
		B5F810B0283691AC00CA5FB4 /* Build configuration list for PBXNativeTarget "iOS-Test" */ = {
			isa = XCConfigurationList;
			buildConfigurations = (
				B5F810B1283691AC00CA5FB4 /* Debug */,
				B5F810B2283691AC00CA5FB4 /* Release */,
			);
			defaultConfigurationIsVisible = 0;
			defaultConfigurationName = Release;
		};
		B5F810B3283691AC00CA5FB4 /* Build configuration list for PBXNativeTarget "iOS-TestTests" */ = {
			isa = XCConfigurationList;
			buildConfigurations = (
				B5F810B4283691AC00CA5FB4 /* Debug */,
				B5F810B5283691AC00CA5FB4 /* Release */,
			);
			defaultConfigurationIsVisible = 0;
			defaultConfigurationName = Release;
		};
		B5F810B6283691AC00CA5FB4 /* Build configuration list for PBXNativeTarget "iOS-TestUITests" */ = {
			isa = XCConfigurationList;
			buildConfigurations = (
				B5F810B7283691AC00CA5FB4 /* Debug */,
				B5F810B8283691AC00CA5FB4 /* Release */,
			);
			defaultConfigurationIsVisible = 0;
			defaultConfigurationName = Release;
		};
/* End XCConfigurationList section */

/* Begin XCRemoteSwiftPackageReference section */
		B5D15FCD28411F9000A81432 /* XCRemoteSwiftPackageReference "iOS.Package" */ = {
			isa = XCRemoteSwiftPackageReference;
			repositoryURL = "https://github.com/Geri-Borbas/iOS.Package.Refreshable";
			requirement = {
				branch = main;
				kind = branch;
			};
		};
/* End XCRemoteSwiftPackageReference section */

/* Begin XCSwiftPackageProductDependency section */
		B5D15FCE28411F9000A81432 /* Refreshable */ = {
			isa = XCSwiftPackageProductDependency;
			package = B5D15FCD28411F9000A81432 /* XCRemoteSwiftPackageReference "iOS.Package" */;
			productName = Refreshable;
		};
/* End XCSwiftPackageProductDependency section */
	};
	rootObject = B5F81084283691A600CA5FB4 /* Project object */;
}
